dependencies:
- name: kafka
  repository: https://charts.bitnami.com/bitnami
  version: 32.4.3
- name: postgresql
  repository: https://charts.bitnami.com/bitnami
  version: 18.5.14
- name: postgresql
  repository: https://charts.bitnami.com/bitnami
  version: 18.5.14
- name: redis
  repository: https://charts.bitnami.com/bitnami
  version: 25.3.9
- name: minio
  repository: https://charts.bitnami.com/bitnami
  version: 17.0.21
digest: sha256:28ce5bab95fcd42fc296c8a81a172d9062f6cca179982316f1c917e3897866b9
generated: "2026-03-27T23:36:49.605841056+01:00"
